
Microsoft Visual Studio Solution File, Format Version 12.00
# Visual Studio Version 17
VisualStudioVersion = 17.8.34525.116
MinimumVisualStudioVersion = 10.0.40219.1
Project("{9A19103F-16F7-4668-BE54-9A1E7A4F7556}") = "RC2K.DomainModel", "RC2K.DomainModel\RC2K.DomainModel.csproj", "{E87191FE-3DEB-4313-916D-16CDC4227AB8}"
EndProject
Project("{9A19103F-16F7-4668-BE54-9A1E7A4F7556}") = "RC2K.DataAccess.Database", "RC2K.DataAccess.Database\RC2K.DataAccess.Database.csproj", "{3C77239F-E266-4A51-8CBF-9A3E99B3465A}"
EndProject
Project("{9A19103F-16F7-4668-BE54-9A1E7A4F7556}") = "RC2K.DataAccess.Interfaces", "RC2K.DataAccess.Interfaces\RC2K.DataAccess.Interfaces.csproj", "{34158842-C531-417C-9B7C-046182E6FC0F}"
EndProject
Project("{9A19103F-16F7-4668-BE54-9A1E7A4F7556}") = "RC2K.DataAccess.Fake", "RC2K.DataAccess.Fake\RC2K.DataAccess.Fake.csproj", "{46560AE8-B337-4601-9995-F3EC81DF211E}"
EndProject
Project("{9A19103F-16F7-4668-BE54-9A1E7A4F7556}") = "RC2K.Presentation.ConsoleApp", "RC2K.Presentation.ConsoleApp\RC2K.Presentation.ConsoleApp.csproj", "{B9C4136E-46BB-4CC3-995E-CC756F279FD8}"
EndProject
Project("{9A19103F-16F7-4668-BE54-9A1E7A4F7556}") = "RC2K.Presentation.Blazor", "RC2K.Presentation.Blazor\RC2K.Presentation.Blazor.csproj", "{43F97376-4654-4186-A0E9-99C20ADCFF1E}"
EndProject
Project("{9A19103F-16F7-4668-BE54-9A1E7A4F7556}") = "RC2K.Resources", "RC2K.Resources\RC2K.Resources.csproj", "{8C55009D-6E83-446C-B08F-0E51D18E14A7}"
EndProject
Project("{2150E333-8FDC-42A3-9474-1A3956D46DE8}") = "common", "common", "{02EA681E-C7D8-13C7-8484-4AC65E1B71E8}"
EndProject
Project("{2150E333-8FDC-42A3-9474-1A3956D46DE8}") = "client", "client", "{252FC98F-8D05-4296-BB0C-7E17AC658E14}"
EndProject
Project("{2150E333-8FDC-42A3-9474-1A3956D46DE8}") = "data", "data", "{C927C1DB-39F8-4C1A-A6A8-992ED59F2ABE}"
EndProject
Project("{FAE04EC0-301F-11D3-BF4B-00C04F79EFBC}") = "RC2K.Utils", "RC2K.Extensions\RC2K.Utils.csproj", "{20B44205-217B-4DAF-8CEF-9DFF385516F9}"
EndProject
Project("{FAE04EC0-301F-11D3-BF4B-00C04F79EFBC}") = "RC2K.DataAccess", "RC2K.DataAccess\RC2K.DataAccess.csproj", "{88BE8AF6-B965-4B46-A81C-B5F4E861542B}"
EndProject
Project("{FAE04EC0-301F-11D3-BF4B-00C04F79EFBC}") = "RC2K.Logic", "RC2K.Logic\RC2K.Logic.csproj", "{69CE7946-1376-4C44-B603-46BF3202D325}"
EndProject
Project("{FAE04EC0-301F-11D3-BF4B-00C04F79EFBC}") = "RC2K.Logic.Interfaces", "RC2K.Logic.Interfaces\RC2K.Logic.Interfaces.csproj", "{FE01917E-18A3-4FB9-B0AB-6FC93D296BE4}"
EndProject
Global
	GlobalSection(SolutionConfigurationPlatforms) = preSolution
		Debug|Any CPU = Debug|Any CPU
		Release|Any CPU = Release|Any CPU
	EndGlobalSection
	GlobalSection(ProjectConfigurationPlatforms) = postSolution
		{E87191FE-3DEB-4313-916D-16CDC4227AB8}.Debug|Any CPU.ActiveCfg = Debug|Any CPU
		{E87191FE-3DEB-4313-916D-16CDC4227AB8}.Debug|Any CPU.Build.0 = Debug|Any CPU
		{E87191FE-3DEB-4313-916D-16CDC4227AB8}.Release|Any CPU.ActiveCfg = Release|Any CPU
		{E87191FE-3DEB-4313-916D-16CDC4227AB8}.Release|Any CPU.Build.0 = Release|Any CPU
		{3C77239F-E266-4A51-8CBF-9A3E99B3465A}.Debug|Any CPU.ActiveCfg = Debug|Any CPU
		{3C77239F-E266-4A51-8CBF-9A3E99B3465A}.Debug|Any CPU.Build.0 = Debug|Any CPU
		{3C77239F-E266-4A51-8CBF-9A3E99B3465A}.Release|Any CPU.ActiveCfg = Release|Any CPU
		{3C77239F-E266-4A51-8CBF-9A3E99B3465A}.Release|Any CPU.Build.0 = Release|Any CPU
		{34158842-C531-417C-9B7C-046182E6FC0F}.Debug|Any CPU.ActiveCfg = Debug|Any CPU
		{34158842-C531-417C-9B7C-046182E6FC0F}.Debug|Any CPU.Build.0 = Debug|Any CPU
		{34158842-C531-417C-9B7C-046182E6FC0F}.Release|Any CPU.ActiveCfg = Release|Any CPU
		{34158842-C531-417C-9B7C-046182E6FC0F}.Release|Any CPU.Build.0 = Release|Any CPU
		{46560AE8-B337-4601-9995-F3EC81DF211E}.Debug|Any CPU.ActiveCfg = Debug|Any CPU
		{46560AE8-B337-4601-9995-F3EC81DF211E}.Debug|Any CPU.Build.0 = Debug|Any CPU
		{46560AE8-B337-4601-9995-F3EC81DF211E}.Release|Any CPU.ActiveCfg = Release|Any CPU
		{46560AE8-B337-4601-9995-F3EC81DF211E}.Release|Any CPU.Build.0 = Release|Any CPU
		{B9C4136E-46BB-4CC3-995E-CC756F279FD8}.Debug|Any CPU.ActiveCfg = Debug|Any CPU
		{B9C4136E-46BB-4CC3-995E-CC756F279FD8}.Debug|Any CPU.Build.0 = Debug|Any CPU
		{B9C4136E-46BB-4CC3-995E-CC756F279FD8}.Release|Any CPU.ActiveCfg = Release|Any CPU
		{B9C4136E-46BB-4CC3-995E-CC756F279FD8}.Release|Any CPU.Build.0 = Release|Any CPU
		{43F97376-4654-4186-A0E9-99C20ADCFF1E}.Debug|Any CPU.ActiveCfg = Debug|Any CPU
		{43F97376-4654-4186-A0E9-99C20ADCFF1E}.Debug|Any CPU.Build.0 = Debug|Any CPU
		{43F97376-4654-4186-A0E9-99C20ADCFF1E}.Release|Any CPU.ActiveCfg = Release|Any CPU
		{43F97376-4654-4186-A0E9-99C20ADCFF1E}.Release|Any CPU.Build.0 = Release|Any CPU
		{8C55009D-6E83-446C-B08F-0E51D18E14A7}.Debug|Any CPU.ActiveCfg = Debug|Any CPU
		{8C55009D-6E83-446C-B08F-0E51D18E14A7}.Debug|Any CPU.Build.0 = Debug|Any CPU
		{8C55009D-6E83-446C-B08F-0E51D18E14A7}.Release|Any CPU.ActiveCfg = Release|Any CPU
		{8C55009D-6E83-446C-B08F-0E51D18E14A7}.Release|Any CPU.Build.0 = Release|Any CPU
		{20B44205-217B-4DAF-8CEF-9DFF385516F9}.Debug|Any CPU.ActiveCfg = Debug|Any CPU
		{20B44205-217B-4DAF-8CEF-9DFF385516F9}.Debug|Any CPU.Build.0 = Debug|Any CPU
		{20B44205-217B-4DAF-8CEF-9DFF385516F9}.Release|Any CPU.ActiveCfg = Release|Any CPU
		{20B44205-217B-4DAF-8CEF-9DFF385516F9}.Release|Any CPU.Build.0 = Release|Any CPU
		{88BE8AF6-B965-4B46-A81C-B5F4E861542B}.Debug|Any CPU.ActiveCfg = Debug|Any CPU
		{88BE8AF6-B965-4B46-A81C-B5F4E861542B}.Debug|Any CPU.Build.0 = Debug|Any CPU
		{88BE8AF6-B965-4B46-A81C-B5F4E861542B}.Release|Any CPU.ActiveCfg = Release|Any CPU
		{88BE8AF6-B965-4B46-A81C-B5F4E861542B}.Release|Any CPU.Build.0 = Release|Any CPU
		{69CE7946-1376-4C44-B603-46BF3202D325}.Debug|Any CPU.ActiveCfg = Debug|Any CPU
		{69CE7946-1376-4C44-B603-46BF3202D325}.Debug|Any CPU.Build.0 = Debug|Any CPU
		{69CE7946-1376-4C44-B603-46BF3202D325}.Release|Any CPU.ActiveCfg = Release|Any CPU
		{69CE7946-1376-4C44-B603-46BF3202D325}.Release|Any CPU.Build.0 = Release|Any CPU
		{FE01917E-18A3-4FB9-B0AB-6FC93D296BE4}.Debug|Any CPU.ActiveCfg = Debug|Any CPU
		{FE01917E-18A3-4FB9-B0AB-6FC93D296BE4}.Debug|Any CPU.Build.0 = Debug|Any CPU
		{FE01917E-18A3-4FB9-B0AB-6FC93D296BE4}.Release|Any CPU.ActiveCfg = Release|Any CPU
		{FE01917E-18A3-4FB9-B0AB-6FC93D296BE4}.Release|Any CPU.Build.0 = Release|Any CPU
	EndGlobalSection
	GlobalSection(SolutionProperties) = preSolution
		HideSolutionNode = FALSE
	EndGlobalSection
	GlobalSection(NestedProjects) = preSolution
		{E87191FE-3DEB-4313-916D-16CDC4227AB8} = {02EA681E-C7D8-13C7-8484-4AC65E1B71E8}
		{3C77239F-E266-4A51-8CBF-9A3E99B3465A} = {C927C1DB-39F8-4C1A-A6A8-992ED59F2ABE}
		{34158842-C531-417C-9B7C-046182E6FC0F} = {C927C1DB-39F8-4C1A-A6A8-992ED59F2ABE}
		{46560AE8-B337-4601-9995-F3EC81DF211E} = {C927C1DB-39F8-4C1A-A6A8-992ED59F2ABE}
		{B9C4136E-46BB-4CC3-995E-CC756F279FD8} = {252FC98F-8D05-4296-BB0C-7E17AC658E14}
		{43F97376-4654-4186-A0E9-99C20ADCFF1E} = {252FC98F-8D05-4296-BB0C-7E17AC658E14}
		{8C55009D-6E83-446C-B08F-0E51D18E14A7} = {02EA681E-C7D8-13C7-8484-4AC65E1B71E8}
		{20B44205-217B-4DAF-8CEF-9DFF385516F9} = {02EA681E-C7D8-13C7-8484-4AC65E1B71E8}
		{88BE8AF6-B965-4B46-A81C-B5F4E861542B} = {C927C1DB-39F8-4C1A-A6A8-992ED59F2ABE}
		{69CE7946-1376-4C44-B603-46BF3202D325} = {02EA681E-C7D8-13C7-8484-4AC65E1B71E8}
		{FE01917E-18A3-4FB9-B0AB-6FC93D296BE4} = {02EA681E-C7D8-13C7-8484-4AC65E1B71E8}
	EndGlobalSection
	GlobalSection(ExtensibilityGlobals) = postSolution
		SolutionGuid = {2480C222-5570-494B-B3BA-70770ECED63E}
	EndGlobalSection
EndGlobal
