
Microsoft Visual Studio Solution File, Format Version 12.00
# Visual Studio Version 17
VisualStudioVersion = 17.8.34525.116
MinimumVisualStudioVersion = 10.0.40219.1
Project("{9A19103F-16F7-4668-BE54-9A1E7A4F7556}") = "RC2K.DomainModel", "RC2K.DomainModel\RC2K.DomainModel.csproj", "{E87191FE-3DEB-4313-916D-16CDC4227AB8}"
EndProject
Project("{9A19103F-16F7-4668-BE54-9A1E7A4F7556}") = "RC2K.DataAccess.Database", "RC2K.DataAccess.Database\RC2K.DataAccess.Database.csproj", "{3C77239F-E266-4A51-8CBF-9A3E99B3465A}"
EndProject
Project("{9A19103F-16F7-4668-BE54-9A1E7A4F7556}") = "RC2K.DataAccess.Interfaces", "RC2K.DataAccess.Interfaces\RC2K.DataAccess.Interfaces.csproj", "{34158842-C531-417C-9B7C-046182E6FC0F}"
EndProject
Project("{9A19103F-16F7-4668-BE54-9A1E7A4F7556}") = "RC2K.Presentation.ConsoleApp", "RC2K.Presentation.ConsoleApp\RC2K.Presentation.ConsoleApp.csproj", "{B9C4136E-46BB-4CC3-995E-CC756F279FD8}"
EndProject
Project("{9A19103F-16F7-4668-BE54-9A1E7A4F7556}") = "RC2K.Presentation.Blazor", "RC2K.Presentation.Blazor\RC2K.Presentation.Blazor.csproj", "{43F97376-4654-4186-A0E9-99C20ADCFF1E}"
EndProject
Project("{9A19103F-16F7-4668-BE54-9A1E7A4F7556}") = "RC2K.Resources", "RC2K.Resources\RC2K.Resources.csproj", "{8C55009D-6E83-446C-B08F-0E51D18E14A7}"
EndProject
Project("{2150E333-8FDC-42A3-9474-1A3956D46DE8}") = "common", "common", "{02EA681E-C7D8-13C7-8484-4AC65E1B71E8}"
EndProject
Project("{2150E333-8FDC-42A3-9474-1A3956D46DE8}") = "client", "client", "{252FC98F-8D05-4296-BB0C-7E17AC658E14}"
EndProject
Project("{2150E333-8FDC-42A3-9474-1A3956D46DE8}") = "data", "data", "{C927C1DB-39F8-4C1A-A6A8-992ED59F2ABE}"
	ProjectSection(SolutionItems) = preProject
		..\data\RC2K.db = ..\data\RC2K.db
	EndProjectSection
EndProject
Project("{FAE04EC0-301F-11D3-BF4B-00C04F79EFBC}") = "RC2K.Utils", "RC2K.Extensions\RC2K.Utils.csproj", "{20B44205-217B-4DAF-8CEF-9DFF385516F9}"
EndProject
Project("{FAE04EC0-301F-11D3-BF4B-00C04F79EFBC}") = "RC2K.Logic", "RC2K.Logic\RC2K.Logic.csproj", "{69CE7946-1376-4C44-B603-46BF3202D325}"
EndProject
Project("{FAE04EC0-301F-11D3-BF4B-00C04F79EFBC}") = "RC2K.Logic.Interfaces", "RC2K.Logic.Interfaces\RC2K.Logic.Interfaces.csproj", "{FE01917E-18A3-4FB9-B0AB-6FC93D296BE4}"
EndProject
Project("{2150E333-8FDC-42A3-9474-1A3956D46DE8}") = "test", "test", "{6BD62259-47D6-4BDB-A2FF-35645AF3B5FF}"
EndProject
Project("{FAE04EC0-301F-11D3-BF4B-00C04F79EFBC}") = "RC2K.Logic.UnitTests", "..\test\RC2K.Logic.UnitTests\RC2K.Logic.UnitTests.csproj", "{A2761582-ED03-4D58-973B-290C58FB5457}"
EndProject
Project("{FAE04EC0-301F-11D3-BF4B-00C04F79EFBC}") = "RC2K.Resources.UnitTests", "..\test\RC2K.Resources.UnitTests\RC2K.Resources.UnitTests.csproj", "{78AF4B80-8E86-4934-88C4-996687C692DF}"
EndProject
Project("{FAE04EC0-301F-11D3-BF4B-00C04F79EFBC}") = "RC2K.DataAccess.Dynamic", "RC2K.DataAccess.Dynamic\RC2K.DataAccess.Dynamic.csproj", "{BD342FA4-D85F-47C3-A902-FEE8E56E62FF}"
EndProject
Project("{FAE04EC0-301F-11D3-BF4B-00C04F79EFBC}") = "RC2K.DataAccess.Dynamic.UnitTests", "..\test\RC2K.DataAccess.Dynamic.UnitTests\RC2K.DataAccess.Dynamic.UnitTests.csproj", "{C55D8D43-08FB-43DF-A4A7-B99CBB83B7C8}"
EndProject
Project("{FAE04EC0-301F-11D3-BF4B-00C04F79EFBC}") = "RC2K.DataAccess.Database.UnitTests", "..\test\RC2K.DataAccess.Database.UnitTests\RC2K.DataAccess.Database.UnitTests.csproj", "{6050BD84-82B6-4729-8AA8-C8B71FD1EF65}"
EndProject
Project("{FAE04EC0-301F-11D3-BF4B-00C04F79EFBC}") = "RC2K.WebApi", "RC2K.WebApi\RC2K.WebApi.csproj", "{DD87B29F-6F3A-4EC5-A1F0-BD4BB0867959}"
EndProject
Project("{FAE04EC0-301F-11D3-BF4B-00C04F79EFBC}") = "RC2K.Presentation.Static", "RC2K.Presentation.Static\RC2K.Presentation.Static.csproj", "{3ACCB6F5-B458-4F27-A469-570540F13822}"
EndProject
Project("{FAE04EC0-301F-11D3-BF4B-00C04F79EFBC}") = "RC2K.Presentation.Shared", "RC2K.Presentation.Shared\RC2K.Presentation.Shared.csproj", "{784AE438-23B9-4BEA-8A90-3F3DF868C04F}"
EndProject
Project("{FAE04EC0-301F-11D3-BF4B-00C04F79EFBC}") = "RC2K.Parser", "RC2K.Parser\RC2K.Parser.csproj", "{F13E575C-9106-4A2E-AB3C-41DBACA4DF6A}"
EndProject
Global
	GlobalSection(SolutionConfigurationPlatforms) = preSolution
		Debug|Any CPU = Debug|Any CPU
		Release|Any CPU = Release|Any CPU
	EndGlobalSection
	GlobalSection(ProjectConfigurationPlatforms) = postSolution
		{E87191FE-3DEB-4313-916D-16CDC4227AB8}.Debug|Any CPU.ActiveCfg = Debug|Any CPU
		{E87191FE-3DEB-4313-916D-16CDC4227AB8}.Debug|Any CPU.Build.0 = Debug|Any CPU
		{E87191FE-3DEB-4313-916D-16CDC4227AB8}.Release|Any CPU.ActiveCfg = Release|Any CPU
		{E87191FE-3DEB-4313-916D-16CDC4227AB8}.Release|Any CPU.Build.0 = Release|Any CPU
		{3C77239F-E266-4A51-8CBF-9A3E99B3465A}.Debug|Any CPU.ActiveCfg = Debug|Any CPU
		{3C77239F-E266-4A51-8CBF-9A3E99B3465A}.Debug|Any CPU.Build.0 = Debug|Any CPU
		{3C77239F-E266-4A51-8CBF-9A3E99B3465A}.Release|Any CPU.ActiveCfg = Release|Any CPU
		{3C77239F-E266-4A51-8CBF-9A3E99B3465A}.Release|Any CPU.Build.0 = Release|Any CPU
		{34158842-C531-417C-9B7C-046182E6FC0F}.Debug|Any CPU.ActiveCfg = Debug|Any CPU
		{34158842-C531-417C-9B7C-046182E6FC0F}.Debug|Any CPU.Build.0 = Debug|Any CPU
		{34158842-C531-417C-9B7C-046182E6FC0F}.Release|Any CPU.ActiveCfg = Release|Any CPU
		{34158842-C531-417C-9B7C-046182E6FC0F}.Release|Any CPU.Build.0 = Release|Any CPU
		{B9C4136E-46BB-4CC3-995E-CC756F279FD8}.Debug|Any CPU.ActiveCfg = Debug|Any CPU
		{B9C4136E-46BB-4CC3-995E-CC756F279FD8}.Debug|Any CPU.Build.0 = Debug|Any CPU
		{B9C4136E-46BB-4CC3-995E-CC756F279FD8}.Release|Any CPU.ActiveCfg = Release|Any CPU
		{B9C4136E-46BB-4CC3-995E-CC756F279FD8}.Release|Any CPU.Build.0 = Release|Any CPU
		{43F97376-4654-4186-A0E9-99C20ADCFF1E}.Debug|Any CPU.ActiveCfg = Debug|Any CPU
		{43F97376-4654-4186-A0E9-99C20ADCFF1E}.Debug|Any CPU.Build.0 = Debug|Any CPU
		{43F97376-4654-4186-A0E9-99C20ADCFF1E}.Release|Any CPU.ActiveCfg = Release|Any CPU
		{43F97376-4654-4186-A0E9-99C20ADCFF1E}.Release|Any CPU.Build.0 = Release|Any CPU
		{8C55009D-6E83-446C-B08F-0E51D18E14A7}.Debug|Any CPU.ActiveCfg = Debug|Any CPU
		{8C55009D-6E83-446C-B08F-0E51D18E14A7}.Debug|Any CPU.Build.0 = Debug|Any CPU
		{8C55009D-6E83-446C-B08F-0E51D18E14A7}.Release|Any CPU.ActiveCfg = Release|Any CPU
		{8C55009D-6E83-446C-B08F-0E51D18E14A7}.Release|Any CPU.Build.0 = Release|Any CPU
		{20B44205-217B-4DAF-8CEF-9DFF385516F9}.Debug|Any CPU.ActiveCfg = Debug|Any CPU
		{20B44205-217B-4DAF-8CEF-9DFF385516F9}.Debug|Any CPU.Build.0 = Debug|Any CPU
		{20B44205-217B-4DAF-8CEF-9DFF385516F9}.Release|Any CPU.ActiveCfg = Release|Any CPU
		{20B44205-217B-4DAF-8CEF-9DFF385516F9}.Release|Any CPU.Build.0 = Release|Any CPU
		{69CE7946-1376-4C44-B603-46BF3202D325}.Debug|Any CPU.ActiveCfg = Debug|Any CPU
		{69CE7946-1376-4C44-B603-46BF3202D325}.Debug|Any CPU.Build.0 = Debug|Any CPU
		{69CE7946-1376-4C44-B603-46BF3202D325}.Release|Any CPU.ActiveCfg = Release|Any CPU
		{69CE7946-1376-4C44-B603-46BF3202D325}.Release|Any CPU.Build.0 = Release|Any CPU
		{FE01917E-18A3-4FB9-B0AB-6FC93D296BE4}.Debug|Any CPU.ActiveCfg = Debug|Any CPU
		{FE01917E-18A3-4FB9-B0AB-6FC93D296BE4}.Debug|Any CPU.Build.0 = Debug|Any CPU
		{FE01917E-18A3-4FB9-B0AB-6FC93D296BE4}.Release|Any CPU.ActiveCfg = Release|Any CPU
		{FE01917E-18A3-4FB9-B0AB-6FC93D296BE4}.Release|Any CPU.Build.0 = Release|Any CPU
		{A2761582-ED03-4D58-973B-290C58FB5457}.Debug|Any CPU.ActiveCfg = Debug|Any CPU
		{A2761582-ED03-4D58-973B-290C58FB5457}.Debug|Any CPU.Build.0 = Debug|Any CPU
		{A2761582-ED03-4D58-973B-290C58FB5457}.Release|Any CPU.ActiveCfg = Release|Any CPU
		{A2761582-ED03-4D58-973B-290C58FB5457}.Release|Any CPU.Build.0 = Release|Any CPU
		{78AF4B80-8E86-4934-88C4-996687C692DF}.Debug|Any CPU.ActiveCfg = Debug|Any CPU
		{78AF4B80-8E86-4934-88C4-996687C692DF}.Debug|Any CPU.Build.0 = Debug|Any CPU
		{78AF4B80-8E86-4934-88C4-996687C692DF}.Release|Any CPU.ActiveCfg = Release|Any CPU
		{78AF4B80-8E86-4934-88C4-996687C692DF}.Release|Any CPU.Build.0 = Release|Any CPU
		{BD342FA4-D85F-47C3-A902-FEE8E56E62FF}.Debug|Any CPU.ActiveCfg = Debug|Any CPU
		{BD342FA4-D85F-47C3-A902-FEE8E56E62FF}.Debug|Any CPU.Build.0 = Debug|Any CPU
		{BD342FA4-D85F-47C3-A902-FEE8E56E62FF}.Release|Any CPU.ActiveCfg = Release|Any CPU
		{BD342FA4-D85F-47C3-A902-FEE8E56E62FF}.Release|Any CPU.Build.0 = Release|Any CPU
		{C55D8D43-08FB-43DF-A4A7-B99CBB83B7C8}.Debug|Any CPU.ActiveCfg = Debug|Any CPU
		{C55D8D43-08FB-43DF-A4A7-B99CBB83B7C8}.Debug|Any CPU.Build.0 = Debug|Any CPU
		{C55D8D43-08FB-43DF-A4A7-B99CBB83B7C8}.Release|Any CPU.ActiveCfg = Release|Any CPU
		{C55D8D43-08FB-43DF-A4A7-B99CBB83B7C8}.Release|Any CPU.Build.0 = Release|Any CPU
		{6050BD84-82B6-4729-8AA8-C8B71FD1EF65}.Debug|Any CPU.ActiveCfg = Debug|Any CPU
		{6050BD84-82B6-4729-8AA8-C8B71FD1EF65}.Debug|Any CPU.Build.0 = Debug|Any CPU
		{6050BD84-82B6-4729-8AA8-C8B71FD1EF65}.Release|Any CPU.ActiveCfg = Release|Any CPU
		{6050BD84-82B6-4729-8AA8-C8B71FD1EF65}.Release|Any CPU.Build.0 = Release|Any CPU
		{DD87B29F-6F3A-4EC5-A1F0-BD4BB0867959}.Debug|Any CPU.ActiveCfg = Debug|Any CPU
		{DD87B29F-6F3A-4EC5-A1F0-BD4BB0867959}.Debug|Any CPU.Build.0 = Debug|Any CPU
		{DD87B29F-6F3A-4EC5-A1F0-BD4BB0867959}.Release|Any CPU.ActiveCfg = Release|Any CPU
		{DD87B29F-6F3A-4EC5-A1F0-BD4BB0867959}.Release|Any CPU.Build.0 = Release|Any CPU
		{3ACCB6F5-B458-4F27-A469-570540F13822}.Debug|Any CPU.ActiveCfg = Debug|Any CPU
		{3ACCB6F5-B458-4F27-A469-570540F13822}.Debug|Any CPU.Build.0 = Debug|Any CPU
		{3ACCB6F5-B458-4F27-A469-570540F13822}.Release|Any CPU.ActiveCfg = Release|Any CPU
		{3ACCB6F5-B458-4F27-A469-570540F13822}.Release|Any CPU.Build.0 = Release|Any CPU
		{784AE438-23B9-4BEA-8A90-3F3DF868C04F}.Debug|Any CPU.ActiveCfg = Debug|Any CPU
		{784AE438-23B9-4BEA-8A90-3F3DF868C04F}.Debug|Any CPU.Build.0 = Debug|Any CPU
		{784AE438-23B9-4BEA-8A90-3F3DF868C04F}.Release|Any CPU.ActiveCfg = Release|Any CPU
		{784AE438-23B9-4BEA-8A90-3F3DF868C04F}.Release|Any CPU.Build.0 = Release|Any CPU
		{F13E575C-9106-4A2E-AB3C-41DBACA4DF6A}.Debug|Any CPU.ActiveCfg = Debug|Any CPU
		{F13E575C-9106-4A2E-AB3C-41DBACA4DF6A}.Debug|Any CPU.Build.0 = Debug|Any CPU
		{F13E575C-9106-4A2E-AB3C-41DBACA4DF6A}.Release|Any CPU.ActiveCfg = Release|Any CPU
		{F13E575C-9106-4A2E-AB3C-41DBACA4DF6A}.Release|Any CPU.Build.0 = Release|Any CPU
	EndGlobalSection
	GlobalSection(SolutionProperties) = preSolution
		HideSolutionNode = FALSE
	EndGlobalSection
	GlobalSection(NestedProjects) = preSolution
		{E87191FE-3DEB-4313-916D-16CDC4227AB8} = {02EA681E-C7D8-13C7-8484-4AC65E1B71E8}
		{3C77239F-E266-4A51-8CBF-9A3E99B3465A} = {C927C1DB-39F8-4C1A-A6A8-992ED59F2ABE}
		{34158842-C531-417C-9B7C-046182E6FC0F} = {C927C1DB-39F8-4C1A-A6A8-992ED59F2ABE}
		{B9C4136E-46BB-4CC3-995E-CC756F279FD8} = {252FC98F-8D05-4296-BB0C-7E17AC658E14}
		{43F97376-4654-4186-A0E9-99C20ADCFF1E} = {252FC98F-8D05-4296-BB0C-7E17AC658E14}
		{8C55009D-6E83-446C-B08F-0E51D18E14A7} = {02EA681E-C7D8-13C7-8484-4AC65E1B71E8}
		{20B44205-217B-4DAF-8CEF-9DFF385516F9} = {02EA681E-C7D8-13C7-8484-4AC65E1B71E8}
		{69CE7946-1376-4C44-B603-46BF3202D325} = {02EA681E-C7D8-13C7-8484-4AC65E1B71E8}
		{FE01917E-18A3-4FB9-B0AB-6FC93D296BE4} = {02EA681E-C7D8-13C7-8484-4AC65E1B71E8}
		{A2761582-ED03-4D58-973B-290C58FB5457} = {6BD62259-47D6-4BDB-A2FF-35645AF3B5FF}
		{78AF4B80-8E86-4934-88C4-996687C692DF} = {6BD62259-47D6-4BDB-A2FF-35645AF3B5FF}
		{BD342FA4-D85F-47C3-A902-FEE8E56E62FF} = {C927C1DB-39F8-4C1A-A6A8-992ED59F2ABE}
		{C55D8D43-08FB-43DF-A4A7-B99CBB83B7C8} = {6BD62259-47D6-4BDB-A2FF-35645AF3B5FF}
		{6050BD84-82B6-4729-8AA8-C8B71FD1EF65} = {6BD62259-47D6-4BDB-A2FF-35645AF3B5FF}
		{DD87B29F-6F3A-4EC5-A1F0-BD4BB0867959} = {252FC98F-8D05-4296-BB0C-7E17AC658E14}
		{3ACCB6F5-B458-4F27-A469-570540F13822} = {252FC98F-8D05-4296-BB0C-7E17AC658E14}
		{784AE438-23B9-4BEA-8A90-3F3DF868C04F} = {252FC98F-8D05-4296-BB0C-7E17AC658E14}
		{F13E575C-9106-4A2E-AB3C-41DBACA4DF6A} = {02EA681E-C7D8-13C7-8484-4AC65E1B71E8}
	EndGlobalSection
	GlobalSection(ExtensibilityGlobals) = postSolution
		SolutionGuid = {2480C222-5570-494B-B3BA-70770ECED63E}
	EndGlobalSection
EndGlobal
